// !$*UTF8*$!
{
	archiveVersion = 1;
	classes = {
	};
	objectVersion = 46;
	objects = {

/* Begin PBXBuildFile section */
		3B8828CA18F0FE1F00D5E87C /* Event.m in Sources */ = {isa = PBXBuildFile; fileRef = 3B8828C918F0FE1F00D5E87C /* Event.m */; };
		3B8828CD18F23B3700D5E87C /* Location.m in Sources */ = {isa = PBXBuildFile; fileRef = 3B8828CC18F23B3700D5E87C /* Location.m */; };
		3B8828D318F24CB600D5E87C /* EventCheckin.m in Sources */ = {isa = PBXBuildFile; fileRef = 3B8828D218F24CB600D5E87C /* EventCheckin.m */; };
		580A1D2318EB50C10011A042 /* Foundation.framework in Frameworks */ = {isa = PBXBuildFile; fileRef = 580A1D2218EB50C10011A042 /* Foundation.framework */; };
		580A1D2518EB50C10011A042 /* CoreGraphics.framework in Frameworks */ = {isa = PBXBuildFile; fileRef = 580A1D2418EB50C10011A042 /* CoreGraphics.framework */; };
		580A1D2718EB50C10011A042 /* UIKit.framework in Frameworks */ = {isa = PBXBuildFile; fileRef = 580A1D2618EB50C10011A042 /* UIKit.framework */; };
		580A1D2D18EB50C10011A042 /* InfoPlist.strings in Resources */ = {isa = PBXBuildFile; fileRef = 580A1D2B18EB50C10011A042 /* InfoPlist.strings */; };
		580A1D2F18EB50C10011A042 /* main.m in Sources */ = {isa = PBXBuildFile; fileRef = 580A1D2E18EB50C10011A042 /* main.m */; };
		580A1D3318EB50C10011A042 /* AppDelegate.m in Sources */ = {isa = PBXBuildFile; fileRef = 580A1D3218EB50C10011A042 /* AppDelegate.m */; };
		580A1D3518EB50C10011A042 /* Images.xcassets in Resources */ = {isa = PBXBuildFile; fileRef = 580A1D3418EB50C10011A042 /* Images.xcassets */; };
		580A1D3C18EB50C10011A042 /* XCTest.framework in Frameworks */ = {isa = PBXBuildFile; fileRef = 580A1D3B18EB50C10011A042 /* XCTest.framework */; };
		580A1D3D18EB50C10011A042 /* Foundation.framework in Frameworks */ = {isa = PBXBuildFile; fileRef = 580A1D2218EB50C10011A042 /* Foundation.framework */; };
		580A1D3E18EB50C10011A042 /* UIKit.framework in Frameworks */ = {isa = PBXBuildFile; fileRef = 580A1D2618EB50C10011A042 /* UIKit.framework */; };
		580A1D4618EB50C10011A042 /* InfoPlist.strings in Resources */ = {isa = PBXBuildFile; fileRef = 580A1D4418EB50C10011A042 /* InfoPlist.strings */; };
		580A1D4818EB50C10011A042 /* EventlyTests.m in Sources */ = {isa = PBXBuildFile; fileRef = 580A1D4718EB50C10011A042 /* EventlyTests.m */; };
		580A1D5518EB50F00011A042 /* SignInViewController.m in Sources */ = {isa = PBXBuildFile; fileRef = 580A1D5318EB50F00011A042 /* SignInViewController.m */; };
		580A1D5618EB50F00011A042 /* SignInViewController.xib in Resources */ = {isa = PBXBuildFile; fileRef = 580A1D5418EB50F00011A042 /* SignInViewController.xib */; };
		5863441F18ED3257009CFD7B /* User.m in Sources */ = {isa = PBXBuildFile; fileRef = 5863441E18ED3257009CFD7B /* User.m */; };
		5863442318ED37AE009CFD7B /* ProfileViewController.m in Sources */ = {isa = PBXBuildFile; fileRef = 5863442118ED37AE009CFD7B /* ProfileViewController.m */; };
		5863442418ED37AE009CFD7B /* ProfileViewController.xib in Resources */ = {isa = PBXBuildFile; fileRef = 5863442218ED37AE009CFD7B /* ProfileViewController.xib */; };
		6E928ECB3068458E93E99D3A /* libPods.a in Frameworks */ = {isa = PBXBuildFile; fileRef = 161D78BE570642A8B3EFB03A /* libPods.a */; };
		FE4D9A1318F3D581003351C3 /* EventListViewController.m in Sources */ = {isa = PBXBuildFile; fileRef = FE4D9A1118F3D581003351C3 /* EventListViewController.m */; };
		FE4D9A1418F3D581003351C3 /* EventListViewController.xib in Resources */ = {isa = PBXBuildFile; fileRef = FE4D9A1218F3D581003351C3 /* EventListViewController.xib */; };
		FE4D9A1918F3D7E0003351C3 /* EventCell.m in Sources */ = {isa = PBXBuildFile; fileRef = FE4D9A1718F3D7E0003351C3 /* EventCell.m */; };
		FE4D9A1A18F3D7E0003351C3 /* EventCell.xib in Resources */ = {isa = PBXBuildFile; fileRef = FE4D9A1818F3D7E0003351C3 /* EventCell.xib */; };
/* End PBXBuildFile section */

/* Begin PBXContainerItemProxy section */
		580A1D3F18EB50C10011A042 /* PBXContainerItemProxy */ = {
			isa = PBXContainerItemProxy;
			containerPortal = 580A1D1718EB50C10011A042 /* Project object */;
			proxyType = 1;
			remoteGlobalIDString = 580A1D1E18EB50C10011A042;
			remoteInfo = Evently;
		};
/* End PBXContainerItemProxy section */

/* Begin PBXFileReference section */
		161D78BE570642A8B3EFB03A /* libPods.a */ = {isa = PBXFileReference; explicitFileType = archive.ar; includeInIndex = 0; path = libPods.a; sourceTree = BUILT_PRODUCTS_DIR; };
		3B8828C818F0FE1F00D5E87C /* Event.h */ = {isa = PBXFileReference; fileEncoding = 4; lastKnownFileType = sourcecode.c.h; path = Event.h; sourceTree = "<group>"; };
		3B8828C918F0FE1F00D5E87C /* Event.m */ = {isa = PBXFileReference; fileEncoding = 4; lastKnownFileType = sourcecode.c.objc; path = Event.m; sourceTree = "<group>"; };
		3B8828CB18F23B3700D5E87C /* Location.h */ = {isa = PBXFileReference; fileEncoding = 4; lastKnownFileType = sourcecode.c.h; path = Location.h; sourceTree = "<group>"; };
		3B8828CC18F23B3700D5E87C /* Location.m */ = {isa = PBXFileReference; fileEncoding = 4; lastKnownFileType = sourcecode.c.objc; path = Location.m; sourceTree = "<group>"; };
		3B8828D118F24CB600D5E87C /* EventCheckin.h */ = {isa = PBXFileReference; fileEncoding = 4; lastKnownFileType = sourcecode.c.h; path = EventCheckin.h; sourceTree = "<group>"; };
		3B8828D218F24CB600D5E87C /* EventCheckin.m */ = {isa = PBXFileReference; fileEncoding = 4; lastKnownFileType = sourcecode.c.objc; path = EventCheckin.m; sourceTree = "<group>"; };
		580A1D1F18EB50C10011A042 /* Evently.app */ = {isa = PBXFileReference; explicitFileType = wrapper.application; includeInIndex = 0; path = Evently.app; sourceTree = BUILT_PRODUCTS_DIR; };
		580A1D2218EB50C10011A042 /* Foundation.framework */ = {isa = PBXFileReference; lastKnownFileType = wrapper.framework; name = Foundation.framework; path = System/Library/Frameworks/Foundation.framework; sourceTree = SDKROOT; };
		580A1D2418EB50C10011A042 /* CoreGraphics.framework */ = {isa = PBXFileReference; lastKnownFileType = wrapper.framework; name = CoreGraphics.framework; path = System/Library/Frameworks/CoreGraphics.framework; sourceTree = SDKROOT; };
		580A1D2618EB50C10011A042 /* UIKit.framework */ = {isa = PBXFileReference; lastKnownFileType = wrapper.framework; name = UIKit.framework; path = System/Library/Frameworks/UIKit.framework; sourceTree = SDKROOT; };
		580A1D2A18EB50C10011A042 /* Evently-Info.plist */ = {isa = PBXFileReference; lastKnownFileType = text.plist.xml; path = "Evently-Info.plist"; sourceTree = "<group>"; };
		580A1D2C18EB50C10011A042 /* en */ = {isa = PBXFileReference; lastKnownFileType = text.plist.strings; name = en; path = en.lproj/InfoPlist.strings; sourceTree = "<group>"; };
		580A1D2E18EB50C10011A042 /* main.m */ = {isa = PBXFileReference; lastKnownFileType = sourcecode.c.objc; path = main.m; sourceTree = "<group>"; };
		580A1D3018EB50C10011A042 /* Evently-Prefix.pch */ = {isa = PBXFileReference; lastKnownFileType = sourcecode.c.h; path = "Evently-Prefix.pch"; sourceTree = "<group>"; };
		580A1D3118EB50C10011A042 /* AppDelegate.h */ = {isa = PBXFileReference; lastKnownFileType = sourcecode.c.h; path = AppDelegate.h; sourceTree = "<group>"; };
		580A1D3218EB50C10011A042 /* AppDelegate.m */ = {isa = PBXFileReference; lastKnownFileType = sourcecode.c.objc; path = AppDelegate.m; sourceTree = "<group>"; };
		580A1D3418EB50C10011A042 /* Images.xcassets */ = {isa = PBXFileReference; lastKnownFileType = folder.assetcatalog; path = Images.xcassets; sourceTree = "<group>"; };
		580A1D3A18EB50C10011A042 /* EventlyTests.xctest */ = {isa = PBXFileReference; explicitFileType = wrapper.cfbundle; includeInIndex = 0; path = EventlyTests.xctest; sourceTree = BUILT_PRODUCTS_DIR; };
		580A1D3B18EB50C10011A042 /* XCTest.framework */ = {isa = PBXFileReference; lastKnownFileType = wrapper.framework; name = XCTest.framework; path = Library/Frameworks/XCTest.framework; sourceTree = DEVELOPER_DIR; };
		580A1D4318EB50C10011A042 /* EventlyTests-Info.plist */ = {isa = PBXFileReference; lastKnownFileType = text.plist.xml; path = "EventlyTests-Info.plist"; sourceTree = "<group>"; };
		580A1D4518EB50C10011A042 /* en */ = {isa = PBXFileReference; lastKnownFileType = text.plist.strings; name = en; path = en.lproj/InfoPlist.strings; sourceTree = "<group>"; };
		580A1D4718EB50C10011A042 /* EventlyTests.m */ = {isa = PBXFileReference; lastKnownFileType = sourcecode.c.objc; path = EventlyTests.m; sourceTree = "<group>"; };
		580A1D5218EB50F00011A042 /* SignInViewController.h */ = {isa = PBXFileReference; fileEncoding = 4; lastKnownFileType = sourcecode.c.h; path = SignInViewController.h; sourceTree = "<group>"; };
		580A1D5318EB50F00011A042 /* SignInViewController.m */ = {isa = PBXFileReference; fileEncoding = 4; lastKnownFileType = sourcecode.c.objc; path = SignInViewController.m; sourceTree = "<group>"; };
		580A1D5418EB50F00011A042 /* SignInViewController.xib */ = {isa = PBXFileReference; fileEncoding = 4; lastKnownFileType = file.xib; path = SignInViewController.xib; sourceTree = "<group>"; };
		5863441D18ED3257009CFD7B /* User.h */ = {isa = PBXFileReference; fileEncoding = 4; lastKnownFileType = sourcecode.c.h; path = User.h; sourceTree = "<group>"; };
		5863441E18ED3257009CFD7B /* User.m */ = {isa = PBXFileReference; fileEncoding = 4; lastKnownFileType = sourcecode.c.objc; path = User.m; sourceTree = "<group>"; };
		5863442018ED37AE009CFD7B /* ProfileViewController.h */ = {isa = PBXFileReference; fileEncoding = 4; lastKnownFileType = sourcecode.c.h; path = ProfileViewController.h; sourceTree = "<group>"; };
		5863442118ED37AE009CFD7B /* ProfileViewController.m */ = {isa = PBXFileReference; fileEncoding = 4; lastKnownFileType = sourcecode.c.objc; path = ProfileViewController.m; sourceTree = "<group>"; };
		5863442218ED37AE009CFD7B /* ProfileViewController.xib */ = {isa = PBXFileReference; fileEncoding = 4; lastKnownFileType = file.xib; path = ProfileViewController.xib; sourceTree = "<group>"; };
		C7F6CD6B069E4FF9930FF9A5 /* Pods.xcconfig */ = {isa = PBXFileReference; includeInIndex = 1; lastKnownFileType = text.xcconfig; name = Pods.xcconfig; path = Pods/Pods.xcconfig; sourceTree = "<group>"; };
		FE4D9A1018F3D581003351C3 /* EventListViewController.h */ = {isa = PBXFileReference; fileEncoding = 4; lastKnownFileType = sourcecode.c.h; path = EventListViewController.h; sourceTree = "<group>"; };
		FE4D9A1118F3D581003351C3 /* EventListViewController.m */ = {isa = PBXFileReference; fileEncoding = 4; lastKnownFileType = sourcecode.c.objc; path = EventListViewController.m; sourceTree = "<group>"; };
		FE4D9A1218F3D581003351C3 /* EventListViewController.xib */ = {isa = PBXFileReference; fileEncoding = 4; lastKnownFileType = file.xib; path = EventListViewController.xib; sourceTree = "<group>"; };
		FE4D9A1618F3D7E0003351C3 /* EventCell.h */ = {isa = PBXFileReference; fileEncoding = 4; lastKnownFileType = sourcecode.c.h; path = EventCell.h; sourceTree = "<group>"; };
		FE4D9A1718F3D7E0003351C3 /* EventCell.m */ = {isa = PBXFileReference; fileEncoding = 4; lastKnownFileType = sourcecode.c.objc; path = EventCell.m; sourceTree = "<group>"; };
		FE4D9A1818F3D7E0003351C3 /* EventCell.xib */ = {isa = PBXFileReference; fileEncoding = 4; lastKnownFileType = file.xib; path = EventCell.xib; sourceTree = "<group>"; };
/* End PBXFileReference section */

/* Begin PBXFrameworksBuildPhase section */
		580A1D1C18EB50C10011A042 /* Frameworks */ = {
			isa = PBXFrameworksBuildPhase;
			buildActionMask = 2147483647;
			files = (
				580A1D2518EB50C10011A042 /* CoreGraphics.framework in Frameworks */,
				580A1D2718EB50C10011A042 /* UIKit.framework in Frameworks */,
				580A1D2318EB50C10011A042 /* Foundation.framework in Frameworks */,
				6E928ECB3068458E93E99D3A /* libPods.a in Frameworks */,
			);
			runOnlyForDeploymentPostprocessing = 0;
		};
		580A1D3718EB50C10011A042 /* Frameworks */ = {
			isa = PBXFrameworksBuildPhase;
			buildActionMask = 2147483647;
			files = (
				580A1D3C18EB50C10011A042 /* XCTest.framework in Frameworks */,
				580A1D3E18EB50C10011A042 /* UIKit.framework in Frameworks */,
				580A1D3D18EB50C10011A042 /* Foundation.framework in Frameworks */,
			);
			runOnlyForDeploymentPostprocessing = 0;
		};
/* End PBXFrameworksBuildPhase section */

/* Begin PBXGroup section */
		3B8828C418F0FD3600D5E87C /* Clients */ = {
			isa = PBXGroup;
			children = (
			);
			name = Clients;
			sourceTree = "<group>";
		};
		580A1D1618EB50C10011A042 = {
			isa = PBXGroup;
			children = (
				580A1D2818EB50C10011A042 /* Evently */,
				580A1D4118EB50C10011A042 /* EventlyTests */,
				580A1D2118EB50C10011A042 /* Frameworks */,
				580A1D2018EB50C10011A042 /* Products */,
				C7F6CD6B069E4FF9930FF9A5 /* Pods.xcconfig */,
			);
			sourceTree = "<group>";
		};
		580A1D2018EB50C10011A042 /* Products */ = {
			isa = PBXGroup;
			children = (
				580A1D1F18EB50C10011A042 /* Evently.app */,
				580A1D3A18EB50C10011A042 /* EventlyTests.xctest */,
			);
			name = Products;
			sourceTree = "<group>";
		};
		580A1D2118EB50C10011A042 /* Frameworks */ = {
			isa = PBXGroup;
			children = (
				580A1D2218EB50C10011A042 /* Foundation.framework */,
				580A1D2418EB50C10011A042 /* CoreGraphics.framework */,
				580A1D2618EB50C10011A042 /* UIKit.framework */,
				580A1D3B18EB50C10011A042 /* XCTest.framework */,
				161D78BE570642A8B3EFB03A /* libPods.a */,
			);
			name = Frameworks;
			sourceTree = "<group>";
		};
		580A1D2818EB50C10011A042 /* Evently */ = {
			isa = PBXGroup;
			children = (
				FE4D9A1518F3D7C8003351C3 /* Views */,
				3B8828C418F0FD3600D5E87C /* Clients */,
				5863441C18ED3247009CFD7B /* Models */,
				580A1D5118EB50CC0011A042 /* Controllers */,
				580A1D3118EB50C10011A042 /* AppDelegate.h */,
				580A1D3218EB50C10011A042 /* AppDelegate.m */,
				580A1D3418EB50C10011A042 /* Images.xcassets */,
				580A1D2918EB50C10011A042 /* Supporting Files */,
			);
			path = Evently;
			sourceTree = "<group>";
		};
		580A1D2918EB50C10011A042 /* Supporting Files */ = {
			isa = PBXGroup;
			children = (
				580A1D2A18EB50C10011A042 /* Evently-Info.plist */,
				580A1D2B18EB50C10011A042 /* InfoPlist.strings */,
				580A1D2E18EB50C10011A042 /* main.m */,
				580A1D3018EB50C10011A042 /* Evently-Prefix.pch */,
			);
			name = "Supporting Files";
			sourceTree = "<group>";
		};
		580A1D4118EB50C10011A042 /* EventlyTests */ = {
			isa = PBXGroup;
			children = (
				580A1D4718EB50C10011A042 /* EventlyTests.m */,
				580A1D4218EB50C10011A042 /* Supporting Files */,
			);
			path = EventlyTests;
			sourceTree = "<group>";
		};
		580A1D4218EB50C10011A042 /* Supporting Files */ = {
			isa = PBXGroup;
			children = (
				580A1D4318EB50C10011A042 /* EventlyTests-Info.plist */,
				580A1D4418EB50C10011A042 /* InfoPlist.strings */,
			);
			name = "Supporting Files";
			sourceTree = "<group>";
		};
		580A1D5118EB50CC0011A042 /* Controllers */ = {
			isa = PBXGroup;
			children = (
				580A1D5218EB50F00011A042 /* SignInViewController.h */,
				580A1D5318EB50F00011A042 /* SignInViewController.m */,
				580A1D5418EB50F00011A042 /* SignInViewController.xib */,
				5863442018ED37AE009CFD7B /* ProfileViewController.h */,
				5863442118ED37AE009CFD7B /* ProfileViewController.m */,
				5863442218ED37AE009CFD7B /* ProfileViewController.xib */,
				FE4D9A1018F3D581003351C3 /* EventListViewController.h */,
				FE4D9A1118F3D581003351C3 /* EventListViewController.m */,
				FE4D9A1218F3D581003351C3 /* EventListViewController.xib */,
			);
			name = Controllers;
			sourceTree = "<group>";
		};
		5863441C18ED3247009CFD7B /* Models */ = {
			isa = PBXGroup;
			children = (
				5863441D18ED3257009CFD7B /* User.h */,
				5863441E18ED3257009CFD7B /* User.m */,
				3B8828C818F0FE1F00D5E87C /* Event.h */,
				3B8828C918F0FE1F00D5E87C /* Event.m */,
				3B8828CB18F23B3700D5E87C /* Location.h */,
				3B8828CC18F23B3700D5E87C /* Location.m */,
				3B8828D118F24CB600D5E87C /* EventCheckin.h */,
				3B8828D218F24CB600D5E87C /* EventCheckin.m */,
			);
			name = Models;
			sourceTree = "<group>";
		};
		FE4D9A1518F3D7C8003351C3 /* Views */ = {
			isa = PBXGroup;
			children = (
				FE4D9A1618F3D7E0003351C3 /* EventCell.h */,
				FE4D9A1718F3D7E0003351C3 /* EventCell.m */,
				FE4D9A1818F3D7E0003351C3 /* EventCell.xib */,
			);
			name = Views;
			sourceTree = "<group>";
		};
/* End PBXGroup section */

/* Begin PBXNativeTarget section */
		580A1D1E18EB50C10011A042 /* Evently */ = {
			isa = PBXNativeTarget;
			buildConfigurationList = 580A1D4B18EB50C10011A042 /* Build configuration list for PBXNativeTarget "Evently" */;
			buildPhases = (
				55BE12EDABEF45B7A0148A4E /* Check Pods Manifest.lock */,
				580A1D1B18EB50C10011A042 /* Sources */,
				580A1D1C18EB50C10011A042 /* Frameworks */,
				580A1D1D18EB50C10011A042 /* Resources */,
				AB0531972E1F484CB531B8E6 /* Copy Pods Resources */,
			);
			buildRules = (
			);
			dependencies = (
			);
			name = Evently;
			productName = Evently;
			productReference = 580A1D1F18EB50C10011A042 /* Evently.app */;
			productType = "com.apple.product-type.application";
		};
		580A1D3918EB50C10011A042 /* EventlyTests */ = {
			isa = PBXNativeTarget;
			buildConfigurationList = 580A1D4E18EB50C10011A042 /* Build configuration list for PBXNativeTarget "EventlyTests" */;
			buildPhases = (
				580A1D3618EB50C10011A042 /* Sources */,
				580A1D3718EB50C10011A042 /* Frameworks */,
				580A1D3818EB50C10011A042 /* Resources */,
			);
			buildRules = (
			);
			dependencies = (
				580A1D4018EB50C10011A042 /* PBXTargetDependency */,
			);
			name = EventlyTests;
			productName = EventlyTests;
			productReference = 580A1D3A18EB50C10011A042 /* EventlyTests.xctest */;
			productType = "com.apple.product-type.bundle.unit-test";
		};
/* End PBXNativeTarget section */

/* Begin PBXProject section */
		580A1D1718EB50C10011A042 /* Project object */ = {
			isa = PBXProject;
			attributes = {
				LastUpgradeCheck = 0510;
				ORGANIZATIONNAME = Evently;
				TargetAttributes = {
					580A1D3918EB50C10011A042 = {
						TestTargetID = 580A1D1E18EB50C10011A042;
					};
				};
			};
			buildConfigurationList = 580A1D1A18EB50C10011A042 /* Build configuration list for PBXProject "Evently" */;
			compatibilityVersion = "Xcode 3.2";
			developmentRegion = English;
			hasScannedForEncodings = 0;
			knownRegions = (
				en,
			);
			mainGroup = 580A1D1618EB50C10011A042;
			productRefGroup = 580A1D2018EB50C10011A042 /* Products */;
			projectDirPath = "";
			projectRoot = "";
			targets = (
				580A1D1E18EB50C10011A042 /* Evently */,
				580A1D3918EB50C10011A042 /* EventlyTests */,
			);
		};
/* End PBXProject section */

/* Begin PBXResourcesBuildPhase section */
		580A1D1D18EB50C10011A042 /* Resources */ = {
			isa = PBXResourcesBuildPhase;
			buildActionMask = 2147483647;
			files = (
				580A1D2D18EB50C10011A042 /* InfoPlist.strings in Resources */,
				580A1D5618EB50F00011A042 /* SignInViewController.xib in Resources */,
				5863442418ED37AE009CFD7B /* ProfileViewController.xib in Resources */,
				FE4D9A1418F3D581003351C3 /* EventListViewController.xib in Resources */,
				FE4D9A1A18F3D7E0003351C3 /* EventCell.xib in Resources */,
				580A1D3518EB50C10011A042 /* Images.xcassets in Resources */,
			);
			runOnlyForDeploymentPostprocessing = 0;
		};
		580A1D3818EB50C10011A042 /* Resources */ = {
			isa = PBXResourcesBuildPhase;
			buildActionMask = 2147483647;
			files = (
				580A1D4618EB50C10011A042 /* InfoPlist.strings in Resources */,
			);
			runOnlyForDeploymentPostprocessing = 0;
		};
/* End PBXResourcesBuildPhase section */

/* Begin PBXShellScriptBuildPhase section */
		55BE12EDABEF45B7A0148A4E /* Check Pods Manifest.lock */ = {
			isa = PBXShellScriptBuildPhase;
			buildActionMask = 2147483647;
			files = (
			);
			inputPaths = (
			);
			name = "Check Pods Manifest.lock";
			outputPaths = (
			);
			runOnlyForDeploymentPostprocessing = 0;
			shellPath = /bin/sh;
			shellScript = "diff \"${PODS_ROOT}/../Podfile.lock\" \"${PODS_ROOT}/Manifest.lock\" > /dev/null\nif [[ $? != 0 ]] ; then\n    cat << EOM\nerror: The sandbox is not in sync with the Podfile.lock. Run 'pod install' or update your CocoaPods installation.\nEOM\n    exit 1\nfi\n";
			showEnvVarsInLog = 0;
		};
		AB0531972E1F484CB531B8E6 /* Copy Pods Resources */ = {
			isa = PBXShellScriptBuildPhase;
			buildActionMask = 2147483647;
			files = (
			);
			inputPaths = (
			);
			name = "Copy Pods Resources";
			outputPaths = (
			);
			runOnlyForDeploymentPostprocessing = 0;
			shellPath = /bin/sh;
			shellScript = "\"${SRCROOT}/Pods/Pods-resources.sh\"\n";
			showEnvVarsInLog = 0;
		};
/* End PBXShellScriptBuildPhase section */

/* Begin PBXSourcesBuildPhase section */
		580A1D1B18EB50C10011A042 /* Sources */ = {
			isa = PBXSourcesBuildPhase;
			buildActionMask = 2147483647;
			files = (
				3B8828D318F24CB600D5E87C /* EventCheckin.m in Sources */,
				FE4D9A1318F3D581003351C3 /* EventListViewController.m in Sources */,
				3B8828CA18F0FE1F00D5E87C /* Event.m in Sources */,
				3B8828CD18F23B3700D5E87C /* Location.m in Sources */,
				5863441F18ED3257009CFD7B /* User.m in Sources */,
				580A1D3318EB50C10011A042 /* AppDelegate.m in Sources */,
				FE4D9A1918F3D7E0003351C3 /* EventCell.m in Sources */,
				580A1D5518EB50F00011A042 /* SignInViewController.m in Sources */,
				580A1D2F18EB50C10011A042 /* main.m in Sources */,
				5863442318ED37AE009CFD7B /* ProfileViewController.m in Sources */,
			);
			runOnlyForDeploymentPostprocessing = 0;
		};
		580A1D3618EB50C10011A042 /* Sources */ = {
			isa = PBXSourcesBuildPhase;
			buildActionMask = 2147483647;
			files = (
				580A1D4818EB50C10011A042 /* EventlyTests.m in Sources */,
			);
			runOnlyForDeploymentPostprocessing = 0;
		};
/* End PBXSourcesBuildPhase section */

/* Begin PBXTargetDependency section */
		580A1D4018EB50C10011A042 /* PBXTargetDependency */ = {
			isa = PBXTargetDependency;
			target = 580A1D1E18EB50C10011A042 /* Evently */;
			targetProxy = 580A1D3F18EB50C10011A042 /* PBXContainerItemProxy */;
		};
/* End PBXTargetDependency section */

/* Begin PBXVariantGroup section */
		580A1D2B18EB50C10011A042 /* InfoPlist.strings */ = {
			isa = PBXVariantGroup;
			children = (
				580A1D2C18EB50C10011A042 /* en */,
			);
			name = InfoPlist.strings;
			sourceTree = "<group>";
		};
		580A1D4418EB50C10011A042 /* InfoPlist.strings */ = {
			isa = PBXVariantGroup;
			children = (
				580A1D4518EB50C10011A042 /* en */,
			);
			name = InfoPlist.strings;
			sourceTree = "<group>";
		};
/* End PBXVariantGroup section */

/* Begin XCBuildConfiguration section */
		580A1D4918EB50C10011A042 /* Debug */ = {
			isa = XCBuildConfiguration;
			buildSettings = {
				ALWAYS_SEARCH_USER_PATHS = NO;
				CLANG_CXX_LANGUAGE_STANDARD = "gnu++0x";
				CLANG_CXX_LIBRARY = "libc++";
				CLANG_ENABLE_MODULES = YES;
				CLANG_ENABLE_OBJC_ARC = YES;
				CLANG_WARN_BOOL_CONVERSION = YES;
				CLANG_WARN_CONSTANT_CONVERSION = YES;
				CLANG_WARN_DIRECT_OBJC_ISA_USAGE = YES_ERROR;
				CLANG_WARN_EMPTY_BODY = YES;
				CLANG_WARN_ENUM_CONVERSION = YES;
				CLANG_WARN_INT_CONVERSION = YES;
				CLANG_WARN_OBJC_ROOT_CLASS = YES_ERROR;
				CLANG_WARN__DUPLICATE_METHOD_MATCH = YES;
				"CODE_SIGN_IDENTITY[sdk=iphoneos*]" = "iPhone Developer";
				COPY_PHASE_STRIP = NO;
				GCC_C_LANGUAGE_STANDARD = gnu99;
				GCC_DYNAMIC_NO_PIC = NO;
				GCC_OPTIMIZATION_LEVEL = 0;
				GCC_PREPROCESSOR_DEFINITIONS = (
					"DEBUG=1",
					"$(inherited)",
				);
				GCC_SYMBOLS_PRIVATE_EXTERN = NO;
				GCC_WARN_64_TO_32_BIT_CONVERSION = YES;
				GCC_WARN_ABOUT_RETURN_TYPE = YES_ERROR;
				GCC_WARN_UNDECLARED_SELECTOR = YES;
				GCC_WARN_UNINITIALIZED_AUTOS = YES_AGGRESSIVE;
				GCC_WARN_UNUSED_FUNCTION = YES;
				GCC_WARN_UNUSED_VARIABLE = YES;
				IPHONEOS_DEPLOYMENT_TARGET = 7.1;
				ONLY_ACTIVE_ARCH = YES;
				SDKROOT = iphoneos;
			};
			name = Debug;
		};
		580A1D4A18EB50C10011A042 /* Release */ = {
			isa = XCBuildConfiguration;
			buildSettings = {
				ALWAYS_SEARCH_USER_PATHS = NO;
				CLANG_CXX_LANGUAGE_STANDARD = "gnu++0x";
				CLANG_CXX_LIBRARY = "libc++";
				CLANG_ENABLE_MODULES = YES;
				CLANG_ENABLE_OBJC_ARC = YES;
				CLANG_WARN_BOOL_CONVERSION = YES;
				CLANG_WARN_CONSTANT_CONVERSION = YES;
				CLANG_WARN_DIRECT_OBJC_ISA_USAGE = YES_ERROR;
				CLANG_WARN_EMPTY_BODY = YES;
				CLANG_WARN_ENUM_CONVERSION = YES;
				CLANG_WARN_INT_CONVERSION = YES;
				CLANG_WARN_OBJC_ROOT_CLASS = YES_ERROR;
				CLANG_WARN__DUPLICATE_METHOD_MATCH = YES;
				"CODE_SIGN_IDENTITY[sdk=iphoneos*]" = "iPhone Developer";
				COPY_PHASE_STRIP = YES;
				ENABLE_NS_ASSERTIONS = NO;
				GCC_C_LANGUAGE_STANDARD = gnu99;
				GCC_WARN_64_TO_32_BIT_CONVERSION = YES;
				GCC_WARN_ABOUT_RETURN_TYPE = YES_ERROR;
				GCC_WARN_UNDECLARED_SELECTOR = YES;
				GCC_WARN_UNINITIALIZED_AUTOS = YES_AGGRESSIVE;
				GCC_WARN_UNUSED_FUNCTION = YES;
				GCC_WARN_UNUSED_VARIABLE = YES;
				IPHONEOS_DEPLOYMENT_TARGET = 7.1;
				SDKROOT = iphoneos;
				VALIDATE_PRODUCT = YES;
			};
			name = Release;
		};
		580A1D4C18EB50C10011A042 /* Debug */ = {
			isa = XCBuildConfiguration;
			baseConfigurationReference = C7F6CD6B069E4FF9930FF9A5 /* Pods.xcconfig */;
			buildSettings = {
				ASSETCATALOG_COMPILER_APPICON_NAME = AppIcon;
				ASSETCATALOG_COMPILER_LAUNCHIMAGE_NAME = LaunchImage;
				GCC_PRECOMPILE_PREFIX_HEADER = YES;
				GCC_PREFIX_HEADER = "Evently/Evently-Prefix.pch";
				INFOPLIST_FILE = "Evently/Evently-Info.plist";
				PRODUCT_NAME = "$(TARGET_NAME)";
				WRAPPER_EXTENSION = app;
			};
			name = Debug;
		};
		580A1D4D18EB50C10011A042 /* Release */ = {
			isa = XCBuildConfiguration;
			baseConfigurationReference = C7F6CD6B069E4FF9930FF9A5 /* Pods.xcconfig */;
			buildSettings = {
				ASSETCATALOG_COMPILER_APPICON_NAME = AppIcon;
				ASSETCATALOG_COMPILER_LAUNCHIMAGE_NAME = LaunchImage;
				GCC_PRECOMPILE_PREFIX_HEADER = YES;
				GCC_PREFIX_HEADER = "Evently/Evently-Prefix.pch";
				INFOPLIST_FILE = "Evently/Evently-Info.plist";
				PRODUCT_NAME = "$(TARGET_NAME)";
				WRAPPER_EXTENSION = app;
			};
			name = Release;
		};
		580A1D4F18EB50C10011A042 /* Debug */ = {
			isa = XCBuildConfiguration;
			buildSettings = {
				BUNDLE_LOADER = "$(BUILT_PRODUCTS_DIR)/Evently.app/Evently";
				FRAMEWORK_SEARCH_PATHS = (
					"$(SDKROOT)/Developer/Library/Frameworks",
					"$(inherited)",
					"$(DEVELOPER_FRAMEWORKS_DIR)",
				);
				GCC_PRECOMPILE_PREFIX_HEADER = YES;
				GCC_PREFIX_HEADER = "Evently/Evently-Prefix.pch";
				GCC_PREPROCESSOR_DEFINITIONS = (
					"DEBUG=1",
					"$(inherited)",
				);
				INFOPLIST_FILE = "EventlyTests/EventlyTests-Info.plist";
				PRODUCT_NAME = "$(TARGET_NAME)";
				TEST_HOST = "$(BUNDLE_LOADER)";
				WRAPPER_EXTENSION = xctest;
			};
			name = Debug;
		};
		580A1D5018EB50C10011A042 /* Release */ = {
			isa = XCBuildConfiguration;
			buildSettings = {
				BUNDLE_LOADER = "$(BUILT_PRODUCTS_DIR)/Evently.app/Evently";
				FRAMEWORK_SEARCH_PATHS = (
					"$(SDKROOT)/Developer/Library/Frameworks",
					"$(inherited)",
					"$(DEVELOPER_FRAMEWORKS_DIR)",
				);
				GCC_PRECOMPILE_PREFIX_HEADER = YES;
				GCC_PREFIX_HEADER = "Evently/Evently-Prefix.pch";
				INFOPLIST_FILE = "EventlyTests/EventlyTests-Info.plist";
				PRODUCT_NAME = "$(TARGET_NAME)";
				TEST_HOST = "$(BUNDLE_LOADER)";
				WRAPPER_EXTENSION = xctest;
			};
			name = Release;
		};
/* End XCBuildConfiguration section */

/* Begin XCConfigurationList section */
		580A1D1A18EB50C10011A042 /* Build configuration list for PBXProject "Evently" */ = {
			isa = XCConfigurationList;
			buildConfigurations = (
				580A1D4918EB50C10011A042 /* Debug */,
				580A1D4A18EB50C10011A042 /* Release */,
			);
			defaultConfigurationIsVisible = 0;
			defaultConfigurationName = Release;
		};
		580A1D4B18EB50C10011A042 /* Build configuration list for PBXNativeTarget "Evently" */ = {
			isa = XCConfigurationList;
			buildConfigurations = (
				580A1D4C18EB50C10011A042 /* Debug */,
				580A1D4D18EB50C10011A042 /* Release */,
			);
			defaultConfigurationIsVisible = 0;
			defaultConfigurationName = Release;
		};
		580A1D4E18EB50C10011A042 /* Build configuration list for PBXNativeTarget "EventlyTests" */ = {
			isa = XCConfigurationList;
			buildConfigurations = (
				580A1D4F18EB50C10011A042 /* Debug */,
				580A1D5018EB50C10011A042 /* Release */,
			);
			defaultConfigurationIsVisible = 0;
			defaultConfigurationName = Release;
		};
/* End XCConfigurationList section */
	};
	rootObject = 580A1D1718EB50C10011A042 /* Project object */;
}
